
Microsoft Visual Studio Solution File, Format Version 12.00
# Visual Studio 2013
VisualStudioVersion = 12.0.30501.0
MinimumVisualStudioVersion = 10.0.40219.1
Project("{F184B08F-C81C-45F6-A57F-5ABD9991F28F}") = "SmartBox Datalogger", "SmartBox Datalogger\SmartBox Datalogger.vbproj", "{C95197C1-5578-4D48-96D3-2E7F51D502E3}"
EndProject
Global
	GlobalSection(SolutionConfigurationPlatforms) = preSolution
		Debug|Any CPU = Debug|Any CPU
		Release|Any CPU = Release|Any CPU
	EndGlobalSection
	GlobalSection(ProjectConfigurationPlatforms) = postSolution
		{C95197C1-5578-4D48-96D3-2E7F51D502E3}.Debug|Any CPU.ActiveCfg = Debug|Any CPU
		{C95197C1-5578-4D48-96D3-2E7F51D502E3}.Debug|Any CPU.Build.0 = Debug|Any CPU
		{C95197C1-5578-4D48-96D3-2E7F51D502E3}.Release|Any CPU.ActiveCfg = Release|Any CPU
		{C95197C1-5578-4D48-96D3-2E7F51D502E3}.Release|Any CPU.Build.0 = Release|Any CPU
	EndGlobalSection
	GlobalSection(SolutionProperties) = preSolution
		HideSolutionNode = FALSE
	EndGlobalSection
EndGlobal
